// !$*UTF8*$!
{
	archiveVersion = 1;
	classes = {
	};
	objectVersion = 56;
	objects = {

/* Begin PBXBuildFile section */
		E86F205E2A82DF8700FA36B3 /* AppDelegate.swift in Sources */ = {isa = PBXBuildFile; fileRef = E86F205D2A82DF8700FA36B3 /* AppDelegate.swift */; };
		E86F20602A82DF8700FA36B3 /* SceneDelegate.swift in Sources */ = {isa = PBXBuildFile; fileRef = E86F205F2A82DF8700FA36B3 /* SceneDelegate.swift */; };
		E86F20622A82DF8700FA36B3 /* AnaSayfa.swift in Sources */ = {isa = PBXBuildFile; fileRef = E86F20612A82DF8700FA36B3 /* AnaSayfa.swift */; };
		E86F20652A82DF8700FA36B3 /* Main.storyboard in Resources */ = {isa = PBXBuildFile; fileRef = E86F20632A82DF8700FA36B3 /* Main.storyboard */; };
		E86F20672A82DF8900FA36B3 /* Assets.xcassets in Resources */ = {isa = PBXBuildFile; fileRef = E86F20662A82DF8900FA36B3 /* Assets.xcassets */; };
		E86F206A2A82DF8900FA36B3 /* LaunchScreen.storyboard in Resources */ = {isa = PBXBuildFile; fileRef = E86F20682A82DF8900FA36B3 /* LaunchScreen.storyboard */; };
		E86F20752A82DF8900FA36B3 /* DRTests.swift in Sources */ = {isa = PBXBuildFile; fileRef = E86F20742A82DF8900FA36B3 /* DRTests.swift */; };
		E86F207F2A82DF8900FA36B3 /* DRUITests.swift in Sources */ = {isa = PBXBuildFile; fileRef = E86F207E2A82DF8900FA36B3 /* DRUITests.swift */; };
		E86F20812A82DF8900FA36B3 /* DRUITestsLaunchTests.swift in Sources */ = {isa = PBXBuildFile; fileRef = E86F20802A82DF8900FA36B3 /* DRUITestsLaunchTests.swift */; };
		E86F208E2A82F09100FA36B3 /* SliderCollectionViewCell.swift in Sources */ = {isa = PBXBuildFile; fileRef = E86F208D2A82F09100FA36B3 /* SliderCollectionViewCell.swift */; };
		E87861982A9113B400C0E651 /* SideMenuViewController.swift in Sources */ = {isa = PBXBuildFile; fileRef = E87861972A9113B400C0E651 /* SideMenuViewController.swift */; };
		E87F7B642A879CAC003635B2 /* ProductsCollectionViewCell.swift in Sources */ = {isa = PBXBuildFile; fileRef = E87F7B632A879CAC003635B2 /* ProductsCollectionViewCell.swift */; };
		E87F7B662A879EC5003635B2 /* Products.swift in Sources */ = {isa = PBXBuildFile; fileRef = E87F7B652A879EC5003635B2 /* Products.swift */; };
		E87F7B682A87A4B7003635B2 /* ProductsTableViewCell.swift in Sources */ = {isa = PBXBuildFile; fileRef = E87F7B672A87A4B7003635B2 /* ProductsTableViewCell.swift */; };
		E88024D52A83C7930014B83A /* DrRepository.swift in Sources */ = {isa = PBXBuildFile; fileRef = E88024D42A83C7930014B83A /* DrRepository.swift */; };
		E88744992A924F6E001412EE /* RxSwift in Frameworks */ = {isa = PBXBuildFile; productRef = E88744982A924F6E001412EE /* RxSwift */; };
		E887449B2A9251F5001412EE /* AnaSayfaViewModel.swift in Sources */ = {isa = PBXBuildFile; fileRef = E887449A2A9251F5001412EE /* AnaSayfaViewModel.swift */; };
		E8EFB9972A8F8B5E007E0734 /* SliderTableViewCell.swift in Sources */ = {isa = PBXBuildFile; fileRef = E8EFB9962A8F8B5E007E0734 /* SliderTableViewCell.swift */; };
		E8EFB9992A8FC578007E0734 /* BoardTableViewCell.swift in Sources */ = {isa = PBXBuildFile; fileRef = E8EFB9982A8FC578007E0734 /* BoardTableViewCell.swift */; };
		E8EFB99B2A8FC955007E0734 /* BoardCollectionViewCell.swift in Sources */ = {isa = PBXBuildFile; fileRef = E8EFB99A2A8FC955007E0734 /* BoardCollectionViewCell.swift */; };
/* End PBXBuildFile section */

/* Begin PBXContainerItemProxy section */
		E86F20712A82DF8900FA36B3 /* PBXContainerItemProxy */ = {
			isa = PBXContainerItemProxy;
			containerPortal = E86F20522A82DF8700FA36B3 /* Project object */;
			proxyType = 1;
			remoteGlobalIDString = E86F20592A82DF8700FA36B3;
			remoteInfo = DR;
		};
		E86F207B2A82DF8900FA36B3 /* PBXContainerItemProxy */ = {
			isa = PBXContainerItemProxy;
			containerPortal = E86F20522A82DF8700FA36B3 /* Project object */;
			proxyType = 1;
			remoteGlobalIDString = E86F20592A82DF8700FA36B3;
			remoteInfo = DR;
		};
/* End PBXContainerItemProxy section */

/* Begin PBXFileReference section */
		E86F205A2A82DF8700FA36B3 /* DR.app */ = {isa = PBXFileReference; explicitFileType = wrapper.application; includeInIndex = 0; path = DR.app; sourceTree = BUILT_PRODUCTS_DIR; };
		E86F205D2A82DF8700FA36B3 /* AppDelegate.swift */ = {isa = PBXFileReference; lastKnownFileType = sourcecode.swift; path = AppDelegate.swift; sourceTree = "<group>"; };
		E86F205F2A82DF8700FA36B3 /* SceneDelegate.swift */ = {isa = PBXFileReference; lastKnownFileType = sourcecode.swift; path = SceneDelegate.swift; sourceTree = "<group>"; };
		E86F20612A82DF8700FA36B3 /* AnaSayfa.swift */ = {isa = PBXFileReference; lastKnownFileType = sourcecode.swift; path = AnaSayfa.swift; sourceTree = "<group>"; };
		E86F20642A82DF8700FA36B3 /* Base */ = {isa = PBXFileReference; lastKnownFileType = file.storyboard; name = Base; path = Base.lproj/Main.storyboard; sourceTree = "<group>"; };
		E86F20662A82DF8900FA36B3 /* Assets.xcassets */ = {isa = PBXFileReference; lastKnownFileType = folder.assetcatalog; path = Assets.xcassets; sourceTree = "<group>"; };
		E86F20692A82DF8900FA36B3 /* Base */ = {isa = PBXFileReference; lastKnownFileType = file.storyboard; name = Base; path = Base.lproj/LaunchScreen.storyboard; sourceTree = "<group>"; };
		E86F206B2A82DF8900FA36B3 /* Info.plist */ = {isa = PBXFileReference; lastKnownFileType = text.plist.xml; path = Info.plist; sourceTree = "<group>"; };
		E86F20702A82DF8900FA36B3 /* DRTests.xctest */ = {isa = PBXFileReference; explicitFileType = wrapper.cfbundle; includeInIndex = 0; path = DRTests.xctest; sourceTree = BUILT_PRODUCTS_DIR; };
		E86F20742A82DF8900FA36B3 /* DRTests.swift */ = {isa = PBXFileReference; lastKnownFileType = sourcecode.swift; path = DRTests.swift; sourceTree = "<group>"; };
		E86F207A2A82DF8900FA36B3 /* DRUITests.xctest */ = {isa = PBXFileReference; explicitFileType = wrapper.cfbundle; includeInIndex = 0; path = DRUITests.xctest; sourceTree = BUILT_PRODUCTS_DIR; };
		E86F207E2A82DF8900FA36B3 /* DRUITests.swift */ = {isa = PBXFileReference; lastKnownFileType = sourcecode.swift; path = DRUITests.swift; sourceTree = "<group>"; };
		E86F20802A82DF8900FA36B3 /* DRUITestsLaunchTests.swift */ = {isa = PBXFileReference; lastKnownFileType = sourcecode.swift; path = DRUITestsLaunchTests.swift; sourceTree = "<group>"; };
		E86F208D2A82F09100FA36B3 /* SliderCollectionViewCell.swift */ = {isa = PBXFileReference; lastKnownFileType = sourcecode.swift; path = SliderCollectionViewCell.swift; sourceTree = "<group>"; };
		E87861972A9113B400C0E651 /* SideMenuViewController.swift */ = {isa = PBXFileReference; lastKnownFileType = sourcecode.swift; path = SideMenuViewController.swift; sourceTree = "<group>"; };
		E87F7B632A879CAC003635B2 /* ProductsCollectionViewCell.swift */ = {isa = PBXFileReference; lastKnownFileType = sourcecode.swift; path = ProductsCollectionViewCell.swift; sourceTree = "<group>"; };
		E87F7B652A879EC5003635B2 /* Products.swift */ = {isa = PBXFileReference; lastKnownFileType = sourcecode.swift; path = Products.swift; sourceTree = "<group>"; };
		E87F7B672A87A4B7003635B2 /* ProductsTableViewCell.swift */ = {isa = PBXFileReference; lastKnownFileType = sourcecode.swift; path = ProductsTableViewCell.swift; sourceTree = "<group>"; };
		E88024D42A83C7930014B83A /* DrRepository.swift */ = {isa = PBXFileReference; lastKnownFileType = sourcecode.swift; path = DrRepository.swift; sourceTree = "<group>"; };
		E887449A2A9251F5001412EE /* AnaSayfaViewModel.swift */ = {isa = PBXFileReference; lastKnownFileType = sourcecode.swift; path = AnaSayfaViewModel.swift; sourceTree = "<group>"; };
		E8EFB9962A8F8B5E007E0734 /* SliderTableViewCell.swift */ = {isa = PBXFileReference; lastKnownFileType = sourcecode.swift; path = SliderTableViewCell.swift; sourceTree = "<group>"; };
		E8EFB9982A8FC578007E0734 /* BoardTableViewCell.swift */ = {isa = PBXFileReference; lastKnownFileType = sourcecode.swift; path = BoardTableViewCell.swift; sourceTree = "<group>"; };
		E8EFB99A2A8FC955007E0734 /* BoardCollectionViewCell.swift */ = {isa = PBXFileReference; lastKnownFileType = sourcecode.swift; path = BoardCollectionViewCell.swift; sourceTree = "<group>"; };
/* End PBXFileReference section */

/* Begin PBXFrameworksBuildPhase section */
		E86F20572A82DF8700FA36B3 /* Frameworks */ = {
			isa = PBXFrameworksBuildPhase;
			buildActionMask = 2147483647;
			files = (
				E88744992A924F6E001412EE /* RxSwift in Frameworks */,
			);
			runOnlyForDeploymentPostprocessing = 0;
		};
		E86F206D2A82DF8900FA36B3 /* Frameworks */ = {
			isa = PBXFrameworksBuildPhase;
			buildActionMask = 2147483647;
			files = (
			);
			runOnlyForDeploymentPostprocessing = 0;
		};
		E86F20772A82DF8900FA36B3 /* Frameworks */ = {
			isa = PBXFrameworksBuildPhase;
			buildActionMask = 2147483647;
			files = (
			);
			runOnlyForDeploymentPostprocessing = 0;
		};
/* End PBXFrameworksBuildPhase section */

/* Begin PBXGroup section */
		E86F20512A82DF8700FA36B3 = {
			isa = PBXGroup;
			children = (
				E86F205C2A82DF8700FA36B3 /* DR */,
				E86F20732A82DF8900FA36B3 /* DRTests */,
				E86F207D2A82DF8900FA36B3 /* DRUITests */,
				E86F205B2A82DF8700FA36B3 /* Products */,
			);
			sourceTree = "<group>";
		};
		E86F205B2A82DF8700FA36B3 /* Products */ = {
			isa = PBXGroup;
			children = (
				E86F205A2A82DF8700FA36B3 /* DR.app */,
				E86F20702A82DF8900FA36B3 /* DRTests.xctest */,
				E86F207A2A82DF8900FA36B3 /* DRUITests.xctest */,
			);
			name = Products;
			sourceTree = "<group>";
		};
		E86F205C2A82DF8700FA36B3 /* DR */ = {
			isa = PBXGroup;
			children = (
				E86F205D2A82DF8700FA36B3 /* AppDelegate.swift */,
				E86F205F2A82DF8700FA36B3 /* SceneDelegate.swift */,
				E8EFB98D2A8F894C007E0734 /* data */,
				E8EFB98C2A8F893C007E0734 /* ui */,
				E86F20632A82DF8700FA36B3 /* Main.storyboard */,
				E86F20662A82DF8900FA36B3 /* Assets.xcassets */,
				E86F20682A82DF8900FA36B3 /* LaunchScreen.storyboard */,
				E86F206B2A82DF8900FA36B3 /* Info.plist */,
			);
			path = DR;
			sourceTree = "<group>";
		};
		E86F20732A82DF8900FA36B3 /* DRTests */ = {
			isa = PBXGroup;
			children = (
				E86F20742A82DF8900FA36B3 /* DRTests.swift */,
			);
			path = DRTests;
			sourceTree = "<group>";
		};
		E86F207D2A82DF8900FA36B3 /* DRUITests */ = {
			isa = PBXGroup;
			children = (
				E86F207E2A82DF8900FA36B3 /* DRUITests.swift */,
				E86F20802A82DF8900FA36B3 /* DRUITestsLaunchTests.swift */,
			);
			path = DRUITests;
			sourceTree = "<group>";
		};
		E8EFB98C2A8F893C007E0734 /* ui */ = {
			isa = PBXGroup;
			children = (
				E8EFB9932A8F89CB007E0734 /* tableview */,
				E8EFB9922A8F89AD007E0734 /* viewmodel */,
				E8EFB9902A8F8995007E0734 /* view */,
			);
			path = ui;
			sourceTree = "<group>";
		};
		E8EFB98D2A8F894C007E0734 /* data */ = {
			isa = PBXGroup;
			children = (
				E8EFB98F2A8F896E007E0734 /* entity */,
				E8EFB98E2A8F8966007E0734 /* repo */,
			);
			path = data;
			sourceTree = "<group>";
		};
		E8EFB98E2A8F8966007E0734 /* repo */ = {
			isa = PBXGroup;
			children = (
				E88024D42A83C7930014B83A /* DrRepository.swift */,
			);
			path = repo;
			sourceTree = "<group>";
		};
		E8EFB98F2A8F896E007E0734 /* entity */ = {
			isa = PBXGroup;
			children = (
				E87F7B652A879EC5003635B2 /* Products.swift */,
			);
			path = entity;
			sourceTree = "<group>";
		};
		E8EFB9902A8F8995007E0734 /* view */ = {
			isa = PBXGroup;
			children = (
				E86F20612A82DF8700FA36B3 /* AnaSayfa.swift */,
				E87861972A9113B400C0E651 /* SideMenuViewController.swift */,
			);
			path = view;
			sourceTree = "<group>";
		};
		E8EFB9922A8F89AD007E0734 /* viewmodel */ = {
			isa = PBXGroup;
			children = (
				E887449A2A9251F5001412EE /* AnaSayfaViewModel.swift */,
			);
			path = viewmodel;
			sourceTree = "<group>";
		};
		E8EFB9932A8F89CB007E0734 /* tableview */ = {
			isa = PBXGroup;
			children = (
				E87F7B672A87A4B7003635B2 /* ProductsTableViewCell.swift */,
				E87F7B632A879CAC003635B2 /* ProductsCollectionViewCell.swift */,
				E8EFB9962A8F8B5E007E0734 /* SliderTableViewCell.swift */,
				E86F208D2A82F09100FA36B3 /* SliderCollectionViewCell.swift */,
				E8EFB9982A8FC578007E0734 /* BoardTableViewCell.swift */,
				E8EFB99A2A8FC955007E0734 /* BoardCollectionViewCell.swift */,
			);
			path = tableview;
			sourceTree = "<group>";
		};
/* End PBXGroup section */

/* Begin PBXNativeTarget section */
		E86F20592A82DF8700FA36B3 /* DR */ = {
			isa = PBXNativeTarget;
			buildConfigurationList = E86F20842A82DF8900FA36B3 /* Build configuration list for PBXNativeTarget "DR" */;
			buildPhases = (
				E86F20562A82DF8700FA36B3 /* Sources */,
				E86F20572A82DF8700FA36B3 /* Frameworks */,
				E86F20582A82DF8700FA36B3 /* Resources */,
			);
			buildRules = (
			);
			dependencies = (
			);
			name = DR;
			packageProductDependencies = (
				E88744982A924F6E001412EE /* RxSwift */,
			);
			productName = DR;
			productReference = E86F205A2A82DF8700FA36B3 /* DR.app */;
			productType = "com.apple.product-type.application";
		};
		E86F206F2A82DF8900FA36B3 /* DRTests */ = {
			isa = PBXNativeTarget;
			buildConfigurationList = E86F20872A82DF8900FA36B3 /* Build configuration list for PBXNativeTarget "DRTests" */;
			buildPhases = (
				E86F206C2A82DF8900FA36B3 /* Sources */,
				E86F206D2A82DF8900FA36B3 /* Frameworks */,
				E86F206E2A82DF8900FA36B3 /* Resources */,
			);
			buildRules = (
			);
			dependencies = (
				E86F20722A82DF8900FA36B3 /* PBXTargetDependency */,
			);
			name = DRTests;
			productName = DRTests;
			productReference = E86F20702A82DF8900FA36B3 /* DRTests.xctest */;
			productType = "com.apple.product-type.bundle.unit-test";
		};
		E86F20792A82DF8900FA36B3 /* DRUITests */ = {
			isa = PBXNativeTarget;
			buildConfigurationList = E86F208A2A82DF8900FA36B3 /* Build configuration list for PBXNativeTarget "DRUITests" */;
			buildPhases = (
				E86F20762A82DF8900FA36B3 /* Sources */,
				E86F20772A82DF8900FA36B3 /* Frameworks */,
				E86F20782A82DF8900FA36B3 /* Resources */,
			);
			buildRules = (
			);
			dependencies = (
				E86F207C2A82DF8900FA36B3 /* PBXTargetDependency */,
			);
			name = DRUITests;
			productName = DRUITests;
			productReference = E86F207A2A82DF8900FA36B3 /* DRUITests.xctest */;
			productType = "com.apple.product-type.bundle.ui-testing";
		};
/* End PBXNativeTarget section */

/* Begin PBXProject section */
		E86F20522A82DF8700FA36B3 /* Project object */ = {
			isa = PBXProject;
			attributes = {
				BuildIndependentTargetsInParallel = 1;
				LastSwiftUpdateCheck = 1430;
				LastUpgradeCheck = 1430;
				TargetAttributes = {
					E86F20592A82DF8700FA36B3 = {
						CreatedOnToolsVersion = 14.3.1;
					};
					E86F206F2A82DF8900FA36B3 = {
						CreatedOnToolsVersion = 14.3.1;
						TestTargetID = E86F20592A82DF8700FA36B3;
					};
					E86F20792A82DF8900FA36B3 = {
						CreatedOnToolsVersion = 14.3.1;
						TestTargetID = E86F20592A82DF8700FA36B3;
					};
				};
			};
			buildConfigurationList = E86F20552A82DF8700FA36B3 /* Build configuration list for PBXProject "DR" */;
			compatibilityVersion = "Xcode 14.0";
			developmentRegion = en;
			hasScannedForEncodings = 0;
			knownRegions = (
				en,
				Base,
			);
			mainGroup = E86F20512A82DF8700FA36B3;
			packageReferences = (
				E88744972A924F6E001412EE /* XCRemoteSwiftPackageReference "RxSwift" */,
			);
			productRefGroup = E86F205B2A82DF8700FA36B3 /* Products */;
			projectDirPath = "";
			projectRoot = "";
			targets = (
				E86F20592A82DF8700FA36B3 /* DR */,
				E86F206F2A82DF8900FA36B3 /* DRTests */,
				E86F20792A82DF8900FA36B3 /* DRUITests */,
			);
		};
/* End PBXProject section */

/* Begin PBXResourcesBuildPhase section */
		E86F20582A82DF8700FA36B3 /* Resources */ = {
			isa = PBXResourcesBuildPhase;
			buildActionMask = 2147483647;
			files = (
				E86F206A2A82DF8900FA36B3 /* LaunchScreen.storyboard in Resources */,
				E86F20672A82DF8900FA36B3 /* Assets.xcassets in Resources */,
				E86F20652A82DF8700FA36B3 /* Main.storyboard in Resources */,
			);
			runOnlyForDeploymentPostprocessing = 0;
		};
		E86F206E2A82DF8900FA36B3 /* Resources */ = {
			isa = PBXResourcesBuildPhase;
			buildActionMask = 2147483647;
			files = (
			);
			runOnlyForDeploymentPostprocessing = 0;
		};
		E86F20782A82DF8900FA36B3 /* Resources */ = {
			isa = PBXResourcesBuildPhase;
			buildActionMask = 2147483647;
			files = (
			);
			runOnlyForDeploymentPostprocessing = 0;
		};
/* End PBXResourcesBuildPhase section */

/* Begin PBXSourcesBuildPhase section */
		E86F20562A82DF8700FA36B3 /* Sources */ = {
			isa = PBXSourcesBuildPhase;
			buildActionMask = 2147483647;
			files = (
				E8EFB9992A8FC578007E0734 /* BoardTableViewCell.swift in Sources */,
				E87F7B642A879CAC003635B2 /* ProductsCollectionViewCell.swift in Sources */,
				E86F20622A82DF8700FA36B3 /* AnaSayfa.swift in Sources */,
				E87861982A9113B400C0E651 /* SideMenuViewController.swift in Sources */,
				E86F205E2A82DF8700FA36B3 /* AppDelegate.swift in Sources */,
				E86F20602A82DF8700FA36B3 /* SceneDelegate.swift in Sources */,
				E8EFB9972A8F8B5E007E0734 /* SliderTableViewCell.swift in Sources */,
				E87F7B662A879EC5003635B2 /* Products.swift in Sources */,
				E87F7B682A87A4B7003635B2 /* ProductsTableViewCell.swift in Sources */,
				E86F208E2A82F09100FA36B3 /* SliderCollectionViewCell.swift in Sources */,
				E887449B2A9251F5001412EE /* AnaSayfaViewModel.swift in Sources */,
				E88024D52A83C7930014B83A /* DrRepository.swift in Sources */,
				E8EFB99B2A8FC955007E0734 /* BoardCollectionViewCell.swift in Sources */,
			);
			runOnlyForDeploymentPostprocessing = 0;
		};
		E86F206C2A82DF8900FA36B3 /* Sources */ = {
			isa = PBXSourcesBuildPhase;
			buildActionMask = 2147483647;
			files = (
				E86F20752A82DF8900FA36B3 /* DRTests.swift in Sources */,
			);
			runOnlyForDeploymentPostprocessing = 0;
		};
		E86F20762A82DF8900FA36B3 /* Sources */ = {
			isa = PBXSourcesBuildPhase;
			buildActionMask = 2147483647;
			files = (
				E86F20812A82DF8900FA36B3 /* DRUITestsLaunchTests.swift in Sources */,
				E86F207F2A82DF8900FA36B3 /* DRUITests.swift in Sources */,
			);
			runOnlyForDeploymentPostprocessing = 0;
		};
/* End PBXSourcesBuildPhase section */

/* Begin PBXTargetDependency section */
		E86F20722A82DF8900FA36B3 /* PBXTargetDependency */ = {
			isa = PBXTargetDependency;
			target = E86F20592A82DF8700FA36B3 /* DR */;
			targetProxy = E86F20712A82DF8900FA36B3 /* PBXContainerItemProxy */;
		};
		E86F207C2A82DF8900FA36B3 /* PBXTargetDependency */ = {
			isa = PBXTargetDependency;
			target = E86F20592A82DF8700FA36B3 /* DR */;
			targetProxy = E86F207B2A82DF8900FA36B3 /* PBXContainerItemProxy */;
		};
/* End PBXTargetDependency section */

/* Begin PBXVariantGroup section */
		E86F20632A82DF8700FA36B3 /* Main.storyboard */ = {
			isa = PBXVariantGroup;
			children = (
				E86F20642A82DF8700FA36B3 /* Base */,
			);
			name = Main.storyboard;
			sourceTree = "<group>";
		};
		E86F20682A82DF8900FA36B3 /* LaunchScreen.storyboard */ = {
			isa = PBXVariantGroup;
			children = (
				E86F20692A82DF8900FA36B3 /* Base */,
			);
			name = LaunchScreen.storyboard;
			sourceTree = "<group>";
		};
/* End PBXVariantGroup section */

/* Begin XCBuildConfiguration section */
		E86F20822A82DF8900FA36B3 /* Debug */ = {
			isa = XCBuildConfiguration;
			buildSettings = {
				ALWAYS_SEARCH_USER_PATHS = NO;
				CLANG_ANALYZER_NONNULL = YES;
				CLANG_ANALYZER_NUMBER_OBJECT_CONVERSION = YES_AGGRESSIVE;
				CLANG_CXX_LANGUAGE_STANDARD = "gnu++20";
				CLANG_ENABLE_MODULES = YES;
				CLANG_ENABLE_OBJC_ARC = YES;
				CLANG_ENABLE_OBJC_WEAK = YES;
				CLANG_WARN_BLOCK_CAPTURE_AUTORELEASING = YES;
				CLANG_WARN_BOOL_CONVERSION = YES;
				CLANG_WARN_COMMA = YES;
				CLANG_WARN_CONSTANT_CONVERSION = YES;
				CLANG_WARN_DEPRECATED_OBJC_IMPLEMENTATIONS = YES;
				CLANG_WARN_DIRECT_OBJC_ISA_USAGE = YES_ERROR;
				CLANG_WARN_DOCUMENTATION_COMMENTS = YES;
				CLANG_WARN_EMPTY_BODY = YES;
				CLANG_WARN_ENUM_CONVERSION = YES;
				CLANG_WARN_INFINITE_RECURSION = YES;
				CLANG_WARN_INT_CONVERSION = YES;
				CLANG_WARN_NON_LITERAL_NULL_CONVERSION = YES;
				CLANG_WARN_OBJC_IMPLICIT_RETAIN_SELF = YES;
				CLANG_WARN_OBJC_LITERAL_CONVERSION = YES;
				CLANG_WARN_OBJC_ROOT_CLASS = YES_ERROR;
				CLANG_WARN_QUOTED_INCLUDE_IN_FRAMEWORK_HEADER = YES;
				CLANG_WARN_RANGE_LOOP_ANALYSIS = YES;
				CLANG_WARN_STRICT_PROTOTYPES = YES;
				CLANG_WARN_SUSPICIOUS_MOVE = YES;
				CLANG_WARN_UNGUARDED_AVAILABILITY = YES_AGGRESSIVE;
				CLANG_WARN_UNREACHABLE_CODE = YES;
				CLANG_WARN__DUPLICATE_METHOD_MATCH = YES;
				COPY_PHASE_STRIP = NO;
				DEBUG_INFORMATION_FORMAT = dwarf;
				ENABLE_STRICT_OBJC_MSGSEND = YES;
				ENABLE_TESTABILITY = YES;
				GCC_C_LANGUAGE_STANDARD = gnu11;
				GCC_DYNAMIC_NO_PIC = NO;
				GCC_NO_COMMON_BLOCKS = YES;
				GCC_OPTIMIZATION_LEVEL = 0;
				GCC_PREPROCESSOR_DEFINITIONS = (
					"DEBUG=1",
					"$(inherited)",
				);
				GCC_WARN_64_TO_32_BIT_CONVERSION = YES;
				GCC_WARN_ABOUT_RETURN_TYPE = YES_ERROR;
				GCC_WARN_UNDECLARED_SELECTOR = YES;
				GCC_WARN_UNINITIALIZED_AUTOS = YES_AGGRESSIVE;
				GCC_WARN_UNUSED_FUNCTION = YES;
				GCC_WARN_UNUSED_VARIABLE = YES;
				IPHONEOS_DEPLOYMENT_TARGET = 16.4;
				MTL_ENABLE_DEBUG_INFO = INCLUDE_SOURCE;
				MTL_FAST_MATH = YES;
				ONLY_ACTIVE_ARCH = YES;
				SDKROOT = iphoneos;
				SWIFT_ACTIVE_COMPILATION_CONDITIONS = DEBUG;
				SWIFT_OPTIMIZATION_LEVEL = "-Onone";
			};
			name = Debug;
		};
		E86F20832A82DF8900FA36B3 /* Release */ = {
			isa = XCBuildConfiguration;
			buildSettings = {
				ALWAYS_SEARCH_USER_PATHS = NO;
				CLANG_ANALYZER_NONNULL = YES;
				CLANG_ANALYZER_NUMBER_OBJECT_CONVERSION = YES_AGGRESSIVE;
				CLANG_CXX_LANGUAGE_STANDARD = "gnu++20";
				CLANG_ENABLE_MODULES = YES;
				CLANG_ENABLE_OBJC_ARC = YES;
				CLANG_ENABLE_OBJC_WEAK = YES;
				CLANG_WARN_BLOCK_CAPTURE_AUTORELEASING = YES;
				CLANG_WARN_BOOL_CONVERSION = YES;
				CLANG_WARN_COMMA = YES;
				CLANG_WARN_CONSTANT_CONVERSION = YES;
				CLANG_WARN_DEPRECATED_OBJC_IMPLEMENTATIONS = YES;
				CLANG_WARN_DIRECT_OBJC_ISA_USAGE = YES_ERROR;
				CLANG_WARN_DOCUMENTATION_COMMENTS = YES;
				CLANG_WARN_EMPTY_BODY = YES;
				CLANG_WARN_ENUM_CONVERSION = YES;
				CLANG_WARN_INFINITE_RECURSION = YES;
				CLANG_WARN_INT_CONVERSION = YES;
				CLANG_WARN_NON_LITERAL_NULL_CONVERSION = YES;
				CLANG_WARN_OBJC_IMPLICIT_RETAIN_SELF = YES;
				CLANG_WARN_OBJC_LITERAL_CONVERSION = YES;
				CLANG_WARN_OBJC_ROOT_CLASS = YES_ERROR;
				CLANG_WARN_QUOTED_INCLUDE_IN_FRAMEWORK_HEADER = YES;
				CLANG_WARN_RANGE_LOOP_ANALYSIS = YES;
				CLANG_WARN_STRICT_PROTOTYPES = YES;
				CLANG_WARN_SUSPICIOUS_MOVE = YES;
				CLANG_WARN_UNGUARDED_AVAILABILITY = YES_AGGRESSIVE;
				CLANG_WARN_UNREACHABLE_CODE = YES;
				CLANG_WARN__DUPLICATE_METHOD_MATCH = YES;
				COPY_PHASE_STRIP = NO;
				DEBUG_INFORMATION_FORMAT = "dwarf-with-dsym";
				ENABLE_NS_ASSERTIONS = NO;
				ENABLE_STRICT_OBJC_MSGSEND = YES;
				GCC_C_LANGUAGE_STANDARD = gnu11;
				GCC_NO_COMMON_BLOCKS = YES;
				GCC_WARN_64_TO_32_BIT_CONVERSION = YES;
				GCC_WARN_ABOUT_RETURN_TYPE = YES_ERROR;
				GCC_WARN_UNDECLARED_SELECTOR = YES;
				GCC_WARN_UNINITIALIZED_AUTOS = YES_AGGRESSIVE;
				GCC_WARN_UNUSED_FUNCTION = YES;
				GCC_WARN_UNUSED_VARIABLE = YES;
				IPHONEOS_DEPLOYMENT_TARGET = 16.4;
				MTL_ENABLE_DEBUG_INFO = NO;
				MTL_FAST_MATH = YES;
				SDKROOT = iphoneos;
				SWIFT_COMPILATION_MODE = wholemodule;
				SWIFT_OPTIMIZATION_LEVEL = "-O";
				VALIDATE_PRODUCT = YES;
			};
			name = Release;
		};
		E86F20852A82DF8900FA36B3 /* Debug */ = {
			isa = XCBuildConfiguration;
			buildSettings = {
				ASSETCATALOG_COMPILER_APPICON_NAME = AppIcon;
				ASSETCATALOG_COMPILER_GLOBAL_ACCENT_COLOR_NAME = AccentColor;
				CODE_SIGN_STYLE = Automatic;
				CURRENT_PROJECT_VERSION = 1;
				GENERATE_INFOPLIST_FILE = YES;
				INFOPLIST_FILE = DR/Info.plist;
				INFOPLIST_KEY_UIApplicationSupportsIndirectInputEvents = YES;
				INFOPLIST_KEY_UILaunchStoryboardName = LaunchScreen;
				INFOPLIST_KEY_UIMainStoryboardFile = Main;
				INFOPLIST_KEY_UISupportedInterfaceOrientations_iPad = "UIInterfaceOrientationPortrait UIInterfaceOrientationPortraitUpsideDown UIInterfaceOrientationLandscapeLeft UIInterfaceOrientationLandscapeRight";
				INFOPLIST_KEY_UISupportedInterfaceOrientations_iPhone = "UIInterfaceOrientationPortrait UIInterfaceOrientationLandscapeLeft UIInterfaceOrientationLandscapeRight";
				LD_RUNPATH_SEARCH_PATHS = (
					"$(inherited)",
					"@executable_path/Frameworks",
				);
				MARKETING_VERSION = 1.0;
				PRODUCT_BUNDLE_IDENTIFIER = ios.DR;
				PRODUCT_NAME = "$(TARGET_NAME)";
				SWIFT_EMIT_LOC_STRINGS = YES;
				SWIFT_VERSION = 5.0;
				TARGETED_DEVICE_FAMILY = "1,2";
			};
			name = Debug;
		};
		E86F20862A82DF8900FA36B3 /* Release */ = {
			isa = XCBuildConfiguration;
			buildSettings = {
				ASSETCATALOG_COMPILER_APPICON_NAME = AppIcon;
				ASSETCATALOG_COMPILER_GLOBAL_ACCENT_COLOR_NAME = AccentColor;
				CODE_SIGN_STYLE = Automatic;
				CURRENT_PROJECT_VERSION = 1;
				GENERATE_INFOPLIST_FILE = YES;
				INFOPLIST_FILE = DR/Info.plist;
				INFOPLIST_KEY_UIApplicationSupportsIndirectInputEvents = YES;
				INFOPLIST_KEY_UILaunchStoryboardName = LaunchScreen;
				INFOPLIST_KEY_UIMainStoryboardFile = Main;
				INFOPLIST_KEY_UISupportedInterfaceOrientations_iPad = "UIInterfaceOrientationPortrait UIInterfaceOrientationPortraitUpsideDown UIInterfaceOrientationLandscapeLeft UIInterfaceOrientationLandscapeRight";
				INFOPLIST_KEY_UISupportedInterfaceOrientations_iPhone = "UIInterfaceOrientationPortrait UIInterfaceOrientationLandscapeLeft UIInterfaceOrientationLandscapeRight";
				LD_RUNPATH_SEARCH_PATHS = (
					"$(inherited)",
					"@executable_path/Frameworks",
				);
				MARKETING_VERSION = 1.0;
				PRODUCT_BUNDLE_IDENTIFIER = ios.DR;
				PRODUCT_NAME = "$(TARGET_NAME)";
				SWIFT_EMIT_LOC_STRINGS = YES;
				SWIFT_VERSION = 5.0;
				TARGETED_DEVICE_FAMILY = "1,2";
			};
			name = Release;
		};
		E86F20882A82DF8900FA36B3 /* Debug */ = {
			isa = XCBuildConfiguration;
			buildSettings = {
				ALWAYS_EMBED_SWIFT_STANDARD_LIBRARIES = YES;
				BUNDLE_LOADER = "$(TEST_HOST)";
				CODE_SIGN_STYLE = Automatic;
				CURRENT_PROJECT_VERSION = 1;
				GENERATE_INFOPLIST_FILE = YES;
				IPHONEOS_DEPLOYMENT_TARGET = 16.4;
				MARKETING_VERSION = 1.0;
				PRODUCT_BUNDLE_IDENTIFIER = ios.DRTests;
				PRODUCT_NAME = "$(TARGET_NAME)";
				SWIFT_EMIT_LOC_STRINGS = NO;
				SWIFT_VERSION = 5.0;
				TARGETED_DEVICE_FAMILY = "1,2";
				TEST_HOST = "$(BUILT_PRODUCTS_DIR)/DR.app/$(BUNDLE_EXECUTABLE_FOLDER_PATH)/DR";
			};
			name = Debug;
		};
		E86F20892A82DF8900FA36B3 /* Release */ = {
			isa = XCBuildConfiguration;
			buildSettings = {
				ALWAYS_EMBED_SWIFT_STANDARD_LIBRARIES = YES;
				BUNDLE_LOADER = "$(TEST_HOST)";
				CODE_SIGN_STYLE = Automatic;
				CURRENT_PROJECT_VERSION = 1;
				GENERATE_INFOPLIST_FILE = YES;
				IPHONEOS_DEPLOYMENT_TARGET = 16.4;
				MARKETING_VERSION = 1.0;
				PRODUCT_BUNDLE_IDENTIFIER = ios.DRTests;
				PRODUCT_NAME = "$(TARGET_NAME)";
				SWIFT_EMIT_LOC_STRINGS = NO;
				SWIFT_VERSION = 5.0;
				TARGETED_DEVICE_FAMILY = "1,2";
				TEST_HOST = "$(BUILT_PRODUCTS_DIR)/DR.app/$(BUNDLE_EXECUTABLE_FOLDER_PATH)/DR";
			};
			name = Release;
		};
		E86F208B2A82DF8900FA36B3 /* Debug */ = {
			isa = XCBuildConfiguration;
			buildSettings = {
				ALWAYS_EMBED_SWIFT_STANDARD_LIBRARIES = YES;
				CODE_SIGN_STYLE = Automatic;
				CURRENT_PROJECT_VERSION = 1;
				GENERATE_INFOPLIST_FILE = YES;
				MARKETING_VERSION = 1.0;
				PRODUCT_BUNDLE_IDENTIFIER = ios.DRUITests;
				PRODUCT_NAME = "$(TARGET_NAME)";
				SWIFT_EMIT_LOC_STRINGS = NO;
				SWIFT_VERSION = 5.0;
				TARGETED_DEVICE_FAMILY = "1,2";
				TEST_TARGET_NAME = DR;
			};
			name = Debug;
		};
		E86F208C2A82DF8900FA36B3 /* Release */ = {
			isa = XCBuildConfiguration;
			buildSettings = {
				ALWAYS_EMBED_SWIFT_STANDARD_LIBRARIES = YES;
				CODE_SIGN_STYLE = Automatic;
				CURRENT_PROJECT_VERSION = 1;
				GENERATE_INFOPLIST_FILE = YES;
				MARKETING_VERSION = 1.0;
				PRODUCT_BUNDLE_IDENTIFIER = ios.DRUITests;
				PRODUCT_NAME = "$(TARGET_NAME)";
				SWIFT_EMIT_LOC_STRINGS = NO;
				SWIFT_VERSION = 5.0;
				TARGETED_DEVICE_FAMILY = "1,2";
				TEST_TARGET_NAME = DR;
			};
			name = Release;
		};
/* End XCBuildConfiguration section */

/* Begin XCConfigurationList section */
		E86F20552A82DF8700FA36B3 /* Build configuration list for PBXProject "DR" */ = {
			isa = XCConfigurationList;
			buildConfigurations = (
				E86F20822A82DF8900FA36B3 /* Debug */,
				E86F20832A82DF8900FA36B3 /* Release */,
			);
			defaultConfigurationIsVisible = 0;
			defaultConfigurationName = Release;
		};
		E86F20842A82DF8900FA36B3 /* Build configuration list for PBXNativeTarget "DR" */ = {
			isa = XCConfigurationList;
			buildConfigurations = (
				E86F20852A82DF8900FA36B3 /* Debug */,
				E86F20862A82DF8900FA36B3 /* Release */,
			);
			defaultConfigurationIsVisible = 0;
			defaultConfigurationName = Release;
		};
		E86F20872A82DF8900FA36B3 /* Build configuration list for PBXNativeTarget "DRTests" */ = {
			isa = XCConfigurationList;
			buildConfigurations = (
				E86F20882A82DF8900FA36B3 /* Debug */,
				E86F20892A82DF8900FA36B3 /* Release */,
			);
			defaultConfigurationIsVisible = 0;
			defaultConfigurationName = Release;
		};
		E86F208A2A82DF8900FA36B3 /* Build configuration list for PBXNativeTarget "DRUITests" */ = {
			isa = XCConfigurationList;
			buildConfigurations = (
				E86F208B2A82DF8900FA36B3 /* Debug */,
				E86F208C2A82DF8900FA36B3 /* Release */,
			);
			defaultConfigurationIsVisible = 0;
			defaultConfigurationName = Release;
		};
/* End XCConfigurationList section */

/* Begin XCRemoteSwiftPackageReference section */
		E88744972A924F6E001412EE /* XCRemoteSwiftPackageReference "RxSwift" */ = {
			isa = XCRemoteSwiftPackageReference;
			repositoryURL = "https://github.com/ReactiveX/RxSwift.git";
			requirement = {
				kind = upToNextMajorVersion;
				minimumVersion = 6.0.0;
			};
		};
/* End XCRemoteSwiftPackageReference section */

/* Begin XCSwiftPackageProductDependency section */
		E88744982A924F6E001412EE /* RxSwift */ = {
			isa = XCSwiftPackageProductDependency;
			package = E88744972A924F6E001412EE /* XCRemoteSwiftPackageReference "RxSwift" */;
			productName = RxSwift;
		};
/* End XCSwiftPackageProductDependency section */
	};
	rootObject = E86F20522A82DF8700FA36B3 /* Project object */;
}
